
Microsoft Visual Studio Solution File, Format Version 12.00
# Visual Studio Version 16
VisualStudioVersion = 16.0.33920.266
MinimumVisualStudioVersion = 10.0.40219.1
Project("{FAE04EC0-301F-11D3-BF4B-00C04F79EFBC}") = "Ejercicios", "Conversores\Ejercicios.csproj", "{B900C71A-B51C-40C5-B341-77BD6FADC412}"
EndProject
Global
	GlobalSection(SolutionConfigurationPlatforms) = preSolution
		Debug|Any CPU = Debug|Any CPU
		Release|Any CPU = Release|Any CPU
	EndGlobalSection
	GlobalSection(ProjectConfigurationPlatforms) = postSolution
		{B900C71A-B51C-40C5-B341-77BD6FADC412}.Debug|Any CPU.ActiveCfg = Debug|Any CPU
		{B900C71A-B51C-40C5-B341-77BD6FADC412}.Debug|Any CPU.Build.0 = Debug|Any CPU
		{B900C71A-B51C-40C5-B341-77BD6FADC412}.Release|Any CPU.ActiveCfg = Release|Any CPU
		{B900C71A-B51C-40C5-B341-77BD6FADC412}.Release|Any CPU.Build.0 = Release|Any CPU
	EndGlobalSection
	GlobalSection(SolutionProperties) = preSolution
		HideSolutionNode = FALSE
	EndGlobalSection
	GlobalSection(ExtensibilityGlobals) = postSolution
		SolutionGuid = {8C145F35-D0DE-4EF0-9D49-A5CEA8644236}
	EndGlobalSection
EndGlobal
